// !$*UTF8*$!
{
	archiveVersion = 1;
	classes = {
	};
	objectVersion = 46;
	objects = {

/* Begin PBXBuildFile section */
		D69C98E515F7490C009C13F2 /* UIKit.framework in Frameworks */ = {isa = PBXBuildFile; fileRef = D69C98E415F7490C009C13F2 /* UIKit.framework */; };
		D69C98E715F7490C009C13F2 /* Foundation.framework in Frameworks */ = {isa = PBXBuildFile; fileRef = D69C98E615F7490C009C13F2 /* Foundation.framework */; };
		D69C98E915F7490C009C13F2 /* CoreGraphics.framework in Frameworks */ = {isa = PBXBuildFile; fileRef = D69C98E815F7490C009C13F2 /* CoreGraphics.framework */; };
		D69C98EF15F7490C009C13F2 /* InfoPlist.strings in Resources */ = {isa = PBXBuildFile; fileRef = D69C98ED15F7490C009C13F2 /* InfoPlist.strings */; };
		D69C98F115F7490C009C13F2 /* main.m in Sources */ = {isa = PBXBuildFile; fileRef = D69C98F015F7490C009C13F2 /* main.m */; };
		D69C98F515F7490C009C13F2 /* AppDelegate.m in Sources */ = {isa = PBXBuildFile; fileRef = D69C98F415F7490C009C13F2 /* AppDelegate.m */; };
		D69C98F815F7490C009C13F2 /* ViewController.m in Sources */ = {isa = PBXBuildFile; fileRef = D69C98F715F7490C009C13F2 /* ViewController.m */; };
		D69C98FB15F7490D009C13F2 /* ViewController.xib in Resources */ = {isa = PBXBuildFile; fileRef = D69C98F915F7490D009C13F2 /* ViewController.xib */; };
/* End PBXBuildFile section */

/* Begin PBXFileReference section */
		D69C98E015F7490C009C13F2 /* Week_2_Practice.app */ = {isa = PBXFileReference; explicitFileType = wrapper.application; includeInIndex = 0; path = Week_2_Practice.app; sourceTree = BUILT_PRODUCTS_DIR; };
		D69C98E415F7490C009C13F2 /* UIKit.framework */ = {isa = PBXFileReference; lastKnownFileType = wrapper.framework; name = UIKit.framework; path = System/Library/Frameworks/UIKit.framework; sourceTree = SDKROOT; };
		D69C98E615F7490C009C13F2 /* Foundation.framework */ = {isa = PBXFileReference; lastKnownFileType = wrapper.framework; name = Foundation.framework; path = System/Library/Frameworks/Foundation.framework; sourceTree = SDKROOT; };
		D69C98E815F7490C009C13F2 /* CoreGraphics.framework */ = {isa = PBXFileReference; lastKnownFileType = wrapper.framework; name = CoreGraphics.framework; path = System/Library/Frameworks/CoreGraphics.framework; sourceTree = SDKROOT; };
		D69C98EC15F7490C009C13F2 /* Week_2_Practice-Info.plist */ = {isa = PBXFileReference; lastKnownFileType = text.plist.xml; path = "Week_2_Practice-Info.plist"; sourceTree = "<group>"; };
		D69C98EE15F7490C009C13F2 /* en */ = {isa = PBXFileReference; lastKnownFileType = text.plist.strings; name = en; path = en.lproj/InfoPlist.strings; sourceTree = "<group>"; };
		D69C98F015F7490C009C13F2 /* main.m */ = {isa = PBXFileReference; lastKnownFileType = sourcecode.c.objc; path = main.m; sourceTree = "<group>"; };
		D69C98F215F7490C009C13F2 /* Week_2_Practice-Prefix.pch */ = {isa = PBXFileReference; lastKnownFileType = sourcecode.c.h; path = "Week_2_Practice-Prefix.pch"; sourceTree = "<group>"; };
		D69C98F315F7490C009C13F2 /* AppDelegate.h */ = {isa = PBXFileReference; lastKnownFileType = sourcecode.c.h; path = AppDelegate.h; sourceTree = "<group>"; };
		D69C98F415F7490C009C13F2 /* AppDelegate.m */ = {isa = PBXFileReference; lastKnownFileType = sourcecode.c.objc; path = AppDelegate.m; sourceTree = "<group>"; };
		D69C98F615F7490C009C13F2 /* ViewController.h */ = {isa = PBXFileReference; lastKnownFileType = sourcecode.c.h; path = ViewController.h; sourceTree = "<group>"; };
		D69C98F715F7490C009C13F2 /* ViewController.m */ = {isa = PBXFileReference; lastKnownFileType = sourcecode.c.objc; path = ViewController.m; sourceTree = "<group>"; };
		D69C98FA15F7490D009C13F2 /* en */ = {isa = PBXFileReference; lastKnownFileType = file.xib; name = en; path = en.lproj/ViewController.xib; sourceTree = "<group>"; };
/* End PBXFileReference section */

/* Begin PBXFrameworksBuildPhase section */
		D69C98DD15F7490C009C13F2 /* Frameworks */ = {
			isa = PBXFrameworksBuildPhase;
			buildActionMask = 2147483647;
			files = (
				D69C98E515F7490C009C13F2 /* UIKit.framework in Frameworks */,
				D69C98E715F7490C009C13F2 /* Foundation.framework in Frameworks */,
				D69C98E915F7490C009C13F2 /* CoreGraphics.framework in Frameworks */,
			);
			runOnlyForDeploymentPostprocessing = 0;
		};
/* End PBXFrameworksBuildPhase section */

/* Begin PBXGroup section */
		D69C98D515F7490C009C13F2 = {
			isa = PBXGroup;
			children = (
				D69C98EA15F7490C009C13F2 /* Week_2_Practice */,
				D69C98E315F7490C009C13F2 /* Frameworks */,
				D69C98E115F7490C009C13F2 /* Products */,
			);
			sourceTree = "<group>";
		};
		D69C98E115F7490C009C13F2 /* Products */ = {
			isa = PBXGroup;
			children = (
				D69C98E015F7490C009C13F2 /* Week_2_Practice.app */,
			);
			name = Products;
			sourceTree = "<group>";
		};
		D69C98E315F7490C009C13F2 /* Frameworks */ = {
			isa = PBXGroup;
			children = (
				D69C98E415F7490C009C13F2 /* UIKit.framework */,
				D69C98E615F7490C009C13F2 /* Foundation.framework */,
				D69C98E815F7490C009C13F2 /* CoreGraphics.framework */,
			);
			name = Frameworks;
			sourceTree = "<group>";
		};
		D69C98EA15F7490C009C13F2 /* Week_2_Practice */ = {
			isa = PBXGroup;
			children = (
				D69C98F315F7490C009C13F2 /* AppDelegate.h */,
				D69C98F415F7490C009C13F2 /* AppDelegate.m */,
				D69C98F615F7490C009C13F2 /* ViewController.h */,
				D69C98F715F7490C009C13F2 /* ViewController.m */,
				D69C98F915F7490D009C13F2 /* ViewController.xib */,
				D69C98EB15F7490C009C13F2 /* Supporting Files */,
			);
			path = Week_2_Practice;
			sourceTree = "<group>";
		};
		D69C98EB15F7490C009C13F2 /* Supporting Files */ = {
			isa = PBXGroup;
			children = (
				D69C98EC15F7490C009C13F2 /* Week_2_Practice-Info.plist */,
				D69C98ED15F7490C009C13F2 /* InfoPlist.strings */,
				D69C98F015F7490C009C13F2 /* main.m */,
				D69C98F215F7490C009C13F2 /* Week_2_Practice-Prefix.pch */,
			);
			name = "Supporting Files";
			sourceTree = "<group>";
		};
/* End PBXGroup section */

/* Begin PBXNativeTarget section */
		D69C98DF15F7490C009C13F2 /* Week_2_Practice */ = {
			isa = PBXNativeTarget;
			buildConfigurationList = D69C98FE15F7490D009C13F2 /* Build configuration list for PBXNativeTarget "Week_2_Practice" */;
			buildPhases = (
				D69C98DC15F7490C009C13F2 /* Sources */,
				D69C98DD15F7490C009C13F2 /* Frameworks */,
				D69C98DE15F7490C009C13F2 /* Resources */,
			);
			buildRules = (
			);
			dependencies = (
			);
			name = Week_2_Practice;
			productName = Week_2_Practice;
			productReference = D69C98E015F7490C009C13F2 /* Week_2_Practice.app */;
			productType = "com.apple.product-type.application";
		};
/* End PBXNativeTarget section */

/* Begin PBXProject section */
		D69C98D715F7490C009C13F2 /* Project object */ = {
			isa = PBXProject;
			attributes = {
				LastUpgradeCheck = 0440;
				ORGANIZATIONNAME = "Cory Green";
			};
			buildConfigurationList = D69C98DA15F7490C009C13F2 /* Build configuration list for PBXProject "Week_2_Practice" */;
			compatibilityVersion = "Xcode 3.2";
			developmentRegion = English;
			hasScannedForEncodings = 0;
			knownRegions = (
				en,
			);
			mainGroup = D69C98D515F7490C009C13F2;
			productRefGroup = D69C98E115F7490C009C13F2 /* Products */;
			projectDirPath = "";
			projectRoot = "";
			targets = (
				D69C98DF15F7490C009C13F2 /* Week_2_Practice */,
			);
		};
/* End PBXProject section */

/* Begin PBXResourcesBuildPhase section */
		D69C98DE15F7490C009C13F2 /* Resources */ = {
			isa = PBXResourcesBuildPhase;
			buildActionMask = 2147483647;
			files = (
				D69C98EF15F7490C009C13F2 /* InfoPlist.strings in Resources */,
				D69C98FB15F7490D009C13F2 /* ViewController.xib in Resources */,
			);
			runOnlyForDeploymentPostprocessing = 0;
		};
/* End PBXResourcesBuildPhase section */

/* Begin PBXSourcesBuildPhase section */
		D69C98DC15F7490C009C13F2 /* Sources */ = {
			isa = PBXSourcesBuildPhase;
			buildActionMask = 2147483647;
			files = (
				D69C98F115F7490C009C13F2 /* main.m in Sources */,
				D69C98F515F7490C009C13F2 /* AppDelegate.m in Sources */,
				D69C98F815F7490C009C13F2 /* ViewController.m in Sources */,
			);
			runOnlyForDeploymentPostprocessing = 0;
		};
/* End PBXSourcesBuildPhase section */

/* Begin PBXVariantGroup section */
		D69C98ED15F7490C009C13F2 /* InfoPlist.strings */ = {
			isa = PBXVariantGroup;
			children = (
				D69C98EE15F7490C009C13F2 /* en */,
			);
			name = InfoPlist.strings;
			sourceTree = "<group>";
		};
		D69C98F915F7490D009C13F2 /* ViewController.xib */ = {
			isa = PBXVariantGroup;
			children = (
				D69C98FA15F7490D009C13F2 /* en */,
			);
			name = ViewController.xib;
			sourceTree = "<group>";
		};
/* End PBXVariantGroup section */

/* Begin XCBuildConfiguration section */
		D69C98FC15F7490D009C13F2 /* Debug */ = {
			isa = XCBuildConfiguration;
			buildSettings = {
				ALWAYS_SEARCH_USER_PATHS = NO;
				ARCHS = "$(ARCHS_STANDARD_32_BIT)";
				CLANG_CXX_LANGUAGE_STANDARD = "gnu++0x";
				CLANG_WARN__DUPLICATE_METHOD_MATCH = YES;
				"CODE_SIGN_IDENTITY[sdk=iphoneos*]" = "iPhone Developer";
				COPY_PHASE_STRIP = NO;
				GCC_C_LANGUAGE_STANDARD = gnu99;
				GCC_DYNAMIC_NO_PIC = NO;
				GCC_OPTIMIZATION_LEVEL = 0;
				GCC_PREPROCESSOR_DEFINITIONS = (
					"DEBUG=1",
					"$(inherited)",
				);
				GCC_SYMBOLS_PRIVATE_EXTERN = NO;
				GCC_VERSION = com.apple.compilers.llvm.clang.1_0;
				GCC_WARN_ABOUT_RETURN_TYPE = YES;
				GCC_WARN_UNINITIALIZED_AUTOS = YES;
				GCC_WARN_UNUSED_VARIABLE = YES;
				IPHONEOS_DEPLOYMENT_TARGET = 5.1;
				SDKROOT = iphoneos;
			};
			name = Debug;
		};
		D69C98FD15F7490D009C13F2 /* Release */ = {
			isa = XCBuildConfiguration;
			buildSettings = {
				ALWAYS_SEARCH_USER_PATHS = NO;
				ARCHS = "$(ARCHS_STANDARD_32_BIT)";
				CLANG_CXX_LANGUAGE_STANDARD = "gnu++0x";
				CLANG_WARN__DUPLICATE_METHOD_MATCH = YES;
				"CODE_SIGN_IDENTITY[sdk=iphoneos*]" = "iPhone Developer";
				COPY_PHASE_STRIP = YES;
				GCC_C_LANGUAGE_STANDARD = gnu99;
				GCC_VERSION = com.apple.compilers.llvm.clang.1_0;
				GCC_WARN_ABOUT_RETURN_TYPE = YES;
				GCC_WARN_UNINITIALIZED_AUTOS = YES;
				GCC_WARN_UNUSED_VARIABLE = YES;
				IPHONEOS_DEPLOYMENT_TARGET = 5.1;
				OTHER_CFLAGS = "-DNS_BLOCK_ASSERTIONS=1";
				SDKROOT = iphoneos;
				VALIDATE_PRODUCT = YES;
			};
			name = Release;
		};
		D69C98FF15F7490D009C13F2 /* Debug */ = {
			isa = XCBuildConfiguration;
			buildSettings = {
				GCC_PRECOMPILE_PREFIX_HEADER = YES;
				GCC_PREFIX_HEADER = "Week_2_Practice/Week_2_Practice-Prefix.pch";
				INFOPLIST_FILE = "Week_2_Practice/Week_2_Practice-Info.plist";
				PRODUCT_NAME = "$(TARGET_NAME)";
				WRAPPER_EXTENSION = app;
			};
			name = Debug;
		};
		D69C990015F7490D009C13F2 /* Release */ = {
			isa = XCBuildConfiguration;
			buildSettings = {
				GCC_PRECOMPILE_PREFIX_HEADER = YES;
				GCC_PREFIX_HEADER = "Week_2_Practice/Week_2_Practice-Prefix.pch";
				INFOPLIST_FILE = "Week_2_Practice/Week_2_Practice-Info.plist";
				PRODUCT_NAME = "$(TARGET_NAME)";
				WRAPPER_EXTENSION = app;
			};
			name = Release;
		};
/* End XCBuildConfiguration section */

/* Begin XCConfigurationList section */
		D69C98DA15F7490C009C13F2 /* Build configuration list for PBXProject "Week_2_Practice" */ = {
			isa = XCConfigurationList;
			buildConfigurations = (
				D69C98FC15F7490D009C13F2 /* Debug */,
				D69C98FD15F7490D009C13F2 /* Release */,
			);
			defaultConfigurationIsVisible = 0;
			defaultConfigurationName = Release;
		};
		D69C98FE15F7490D009C13F2 /* Build configuration list for PBXNativeTarget "Week_2_Practice" */ = {
			isa = XCConfigurationList;
			buildConfigurations = (
				D69C98FF15F7490D009C13F2 /* Debug */,
				D69C990015F7490D009C13F2 /* Release */,
			);
			defaultConfigurationIsVisible = 0;
		};
/* End XCConfigurationList section */
	};
	rootObject = D69C98D715F7490C009C13F2 /* Project object */;
}
