// !$*UTF8*$!
{
	archiveVersion = 1;
	classes = {
	};
	objectVersion = 46;
	objects = {

/* Begin PBXBuildFile section */
		D6A2F67A15F89F8600A98805 /* UIKit.framework in Frameworks */ = {isa = PBXBuildFile; fileRef = D6A2F67915F89F8600A98805 /* UIKit.framework */; };
		D6A2F67C15F89F8600A98805 /* Foundation.framework in Frameworks */ = {isa = PBXBuildFile; fileRef = D6A2F67B15F89F8600A98805 /* Foundation.framework */; };
		D6A2F67E15F89F8600A98805 /* CoreGraphics.framework in Frameworks */ = {isa = PBXBuildFile; fileRef = D6A2F67D15F89F8600A98805 /* CoreGraphics.framework */; };
		D6A2F68415F89F8600A98805 /* InfoPlist.strings in Resources */ = {isa = PBXBuildFile; fileRef = D6A2F68215F89F8600A98805 /* InfoPlist.strings */; };
		D6A2F68615F89F8600A98805 /* main.m in Sources */ = {isa = PBXBuildFile; fileRef = D6A2F68515F89F8600A98805 /* main.m */; };
		D6A2F68A15F89F8600A98805 /* AppDelegate.m in Sources */ = {isa = PBXBuildFile; fileRef = D6A2F68915F89F8600A98805 /* AppDelegate.m */; };
		D6A2F68D15F89F8600A98805 /* ViewController.m in Sources */ = {isa = PBXBuildFile; fileRef = D6A2F68C15F89F8600A98805 /* ViewController.m */; };
		D6A2F69015F89F8600A98805 /* ViewController.xib in Resources */ = {isa = PBXBuildFile; fileRef = D6A2F68E15F89F8600A98805 /* ViewController.xib */; };
/* End PBXBuildFile section */

/* Begin PBXFileReference section */
		D6A2F67515F89F8600A98805 /* Week_2_Project.app */ = {isa = PBXFileReference; explicitFileType = wrapper.application; includeInIndex = 0; path = Week_2_Project.app; sourceTree = BUILT_PRODUCTS_DIR; };
		D6A2F67915F89F8600A98805 /* UIKit.framework */ = {isa = PBXFileReference; lastKnownFileType = wrapper.framework; name = UIKit.framework; path = System/Library/Frameworks/UIKit.framework; sourceTree = SDKROOT; };
		D6A2F67B15F89F8600A98805 /* Foundation.framework */ = {isa = PBXFileReference; lastKnownFileType = wrapper.framework; name = Foundation.framework; path = System/Library/Frameworks/Foundation.framework; sourceTree = SDKROOT; };
		D6A2F67D15F89F8600A98805 /* CoreGraphics.framework */ = {isa = PBXFileReference; lastKnownFileType = wrapper.framework; name = CoreGraphics.framework; path = System/Library/Frameworks/CoreGraphics.framework; sourceTree = SDKROOT; };
		D6A2F68115F89F8600A98805 /* Week_2_Project-Info.plist */ = {isa = PBXFileReference; lastKnownFileType = text.plist.xml; path = "Week_2_Project-Info.plist"; sourceTree = "<group>"; };
		D6A2F68315F89F8600A98805 /* en */ = {isa = PBXFileReference; lastKnownFileType = text.plist.strings; name = en; path = en.lproj/InfoPlist.strings; sourceTree = "<group>"; };
		D6A2F68515F89F8600A98805 /* main.m */ = {isa = PBXFileReference; lastKnownFileType = sourcecode.c.objc; path = main.m; sourceTree = "<group>"; };
		D6A2F68715F89F8600A98805 /* Week_2_Project-Prefix.pch */ = {isa = PBXFileReference; lastKnownFileType = sourcecode.c.h; path = "Week_2_Project-Prefix.pch"; sourceTree = "<group>"; };
		D6A2F68815F89F8600A98805 /* AppDelegate.h */ = {isa = PBXFileReference; lastKnownFileType = sourcecode.c.h; path = AppDelegate.h; sourceTree = "<group>"; };
		D6A2F68915F89F8600A98805 /* AppDelegate.m */ = {isa = PBXFileReference; lastKnownFileType = sourcecode.c.objc; path = AppDelegate.m; sourceTree = "<group>"; };
		D6A2F68B15F89F8600A98805 /* ViewController.h */ = {isa = PBXFileReference; lastKnownFileType = sourcecode.c.h; path = ViewController.h; sourceTree = "<group>"; };
		D6A2F68C15F89F8600A98805 /* ViewController.m */ = {isa = PBXFileReference; lastKnownFileType = sourcecode.c.objc; path = ViewController.m; sourceTree = "<group>"; };
		D6A2F68F15F89F8600A98805 /* en */ = {isa = PBXFileReference; lastKnownFileType = file.xib; name = en; path = en.lproj/ViewController.xib; sourceTree = "<group>"; };
/* End PBXFileReference section */

/* Begin PBXFrameworksBuildPhase section */
		D6A2F67215F89F8600A98805 /* Frameworks */ = {
			isa = PBXFrameworksBuildPhase;
			buildActionMask = 2147483647;
			files = (
				D6A2F67A15F89F8600A98805 /* UIKit.framework in Frameworks */,
				D6A2F67C15F89F8600A98805 /* Foundation.framework in Frameworks */,
				D6A2F67E15F89F8600A98805 /* CoreGraphics.framework in Frameworks */,
			);
			runOnlyForDeploymentPostprocessing = 0;
		};
/* End PBXFrameworksBuildPhase section */

/* Begin PBXGroup section */
		D6A2F66A15F89F8600A98805 = {
			isa = PBXGroup;
			children = (
				D6A2F67F15F89F8600A98805 /* Week_2_Project */,
				D6A2F67815F89F8600A98805 /* Frameworks */,
				D6A2F67615F89F8600A98805 /* Products */,
			);
			sourceTree = "<group>";
		};
		D6A2F67615F89F8600A98805 /* Products */ = {
			isa = PBXGroup;
			children = (
				D6A2F67515F89F8600A98805 /* Week_2_Project.app */,
			);
			name = Products;
			sourceTree = "<group>";
		};
		D6A2F67815F89F8600A98805 /* Frameworks */ = {
			isa = PBXGroup;
			children = (
				D6A2F67915F89F8600A98805 /* UIKit.framework */,
				D6A2F67B15F89F8600A98805 /* Foundation.framework */,
				D6A2F67D15F89F8600A98805 /* CoreGraphics.framework */,
			);
			name = Frameworks;
			sourceTree = "<group>";
		};
		D6A2F67F15F89F8600A98805 /* Week_2_Project */ = {
			isa = PBXGroup;
			children = (
				D6A2F68815F89F8600A98805 /* AppDelegate.h */,
				D6A2F68915F89F8600A98805 /* AppDelegate.m */,
				D6A2F68B15F89F8600A98805 /* ViewController.h */,
				D6A2F68C15F89F8600A98805 /* ViewController.m */,
				D6A2F68E15F89F8600A98805 /* ViewController.xib */,
				D6A2F68015F89F8600A98805 /* Supporting Files */,
			);
			path = Week_2_Project;
			sourceTree = "<group>";
		};
		D6A2F68015F89F8600A98805 /* Supporting Files */ = {
			isa = PBXGroup;
			children = (
				D6A2F68115F89F8600A98805 /* Week_2_Project-Info.plist */,
				D6A2F68215F89F8600A98805 /* InfoPlist.strings */,
				D6A2F68515F89F8600A98805 /* main.m */,
				D6A2F68715F89F8600A98805 /* Week_2_Project-Prefix.pch */,
			);
			name = "Supporting Files";
			sourceTree = "<group>";
		};
/* End PBXGroup section */

/* Begin PBXNativeTarget section */
		D6A2F67415F89F8600A98805 /* Week_2_Project */ = {
			isa = PBXNativeTarget;
			buildConfigurationList = D6A2F69315F89F8600A98805 /* Build configuration list for PBXNativeTarget "Week_2_Project" */;
			buildPhases = (
				D6A2F67115F89F8600A98805 /* Sources */,
				D6A2F67215F89F8600A98805 /* Frameworks */,
				D6A2F67315F89F8600A98805 /* Resources */,
			);
			buildRules = (
			);
			dependencies = (
			);
			name = Week_2_Project;
			productName = Week_2_Project;
			productReference = D6A2F67515F89F8600A98805 /* Week_2_Project.app */;
			productType = "com.apple.product-type.application";
		};
/* End PBXNativeTarget section */

/* Begin PBXProject section */
		D6A2F66C15F89F8600A98805 /* Project object */ = {
			isa = PBXProject;
			attributes = {
				LastUpgradeCheck = 0440;
				ORGANIZATIONNAME = "Cory Green";
			};
			buildConfigurationList = D6A2F66F15F89F8600A98805 /* Build configuration list for PBXProject "Week_2_Project" */;
			compatibilityVersion = "Xcode 3.2";
			developmentRegion = English;
			hasScannedForEncodings = 0;
			knownRegions = (
				en,
			);
			mainGroup = D6A2F66A15F89F8600A98805;
			productRefGroup = D6A2F67615F89F8600A98805 /* Products */;
			projectDirPath = "";
			projectRoot = "";
			targets = (
				D6A2F67415F89F8600A98805 /* Week_2_Project */,
			);
		};
/* End PBXProject section */

/* Begin PBXResourcesBuildPhase section */
		D6A2F67315F89F8600A98805 /* Resources */ = {
			isa = PBXResourcesBuildPhase;
			buildActionMask = 2147483647;
			files = (
				D6A2F68415F89F8600A98805 /* InfoPlist.strings in Resources */,
				D6A2F69015F89F8600A98805 /* ViewController.xib in Resources */,
			);
			runOnlyForDeploymentPostprocessing = 0;
		};
/* End PBXResourcesBuildPhase section */

/* Begin PBXSourcesBuildPhase section */
		D6A2F67115F89F8600A98805 /* Sources */ = {
			isa = PBXSourcesBuildPhase;
			buildActionMask = 2147483647;
			files = (
				D6A2F68615F89F8600A98805 /* main.m in Sources */,
				D6A2F68A15F89F8600A98805 /* AppDelegate.m in Sources */,
				D6A2F68D15F89F8600A98805 /* ViewController.m in Sources */,
			);
			runOnlyForDeploymentPostprocessing = 0;
		};
/* End PBXSourcesBuildPhase section */

/* Begin PBXVariantGroup section */
		D6A2F68215F89F8600A98805 /* InfoPlist.strings */ = {
			isa = PBXVariantGroup;
			children = (
				D6A2F68315F89F8600A98805 /* en */,
			);
			name = InfoPlist.strings;
			sourceTree = "<group>";
		};
		D6A2F68E15F89F8600A98805 /* ViewController.xib */ = {
			isa = PBXVariantGroup;
			children = (
				D6A2F68F15F89F8600A98805 /* en */,
			);
			name = ViewController.xib;
			sourceTree = "<group>";
		};
/* End PBXVariantGroup section */

/* Begin XCBuildConfiguration section */
		D6A2F69115F89F8600A98805 /* Debug */ = {
			isa = XCBuildConfiguration;
			buildSettings = {
				ALWAYS_SEARCH_USER_PATHS = NO;
				ARCHS = "$(ARCHS_STANDARD_32_BIT)";
				CLANG_CXX_LANGUAGE_STANDARD = "gnu++0x";
				CLANG_WARN__DUPLICATE_METHOD_MATCH = YES;
				"CODE_SIGN_IDENTITY[sdk=iphoneos*]" = "iPhone Developer";
				COPY_PHASE_STRIP = NO;
				GCC_C_LANGUAGE_STANDARD = gnu99;
				GCC_DYNAMIC_NO_PIC = NO;
				GCC_OPTIMIZATION_LEVEL = 0;
				GCC_PREPROCESSOR_DEFINITIONS = (
					"DEBUG=1",
					"$(inherited)",
				);
				GCC_SYMBOLS_PRIVATE_EXTERN = NO;
				GCC_VERSION = com.apple.compilers.llvm.clang.1_0;
				GCC_WARN_ABOUT_RETURN_TYPE = YES;
				GCC_WARN_UNINITIALIZED_AUTOS = YES;
				GCC_WARN_UNUSED_VARIABLE = YES;
				IPHONEOS_DEPLOYMENT_TARGET = 5.1;
				SDKROOT = iphoneos;
			};
			name = Debug;
		};
		D6A2F69215F89F8600A98805 /* Release */ = {
			isa = XCBuildConfiguration;
			buildSettings = {
				ALWAYS_SEARCH_USER_PATHS = NO;
				ARCHS = "$(ARCHS_STANDARD_32_BIT)";
				CLANG_CXX_LANGUAGE_STANDARD = "gnu++0x";
				CLANG_WARN__DUPLICATE_METHOD_MATCH = YES;
				"CODE_SIGN_IDENTITY[sdk=iphoneos*]" = "iPhone Developer";
				COPY_PHASE_STRIP = YES;
				GCC_C_LANGUAGE_STANDARD = gnu99;
				GCC_VERSION = com.apple.compilers.llvm.clang.1_0;
				GCC_WARN_ABOUT_RETURN_TYPE = YES;
				GCC_WARN_UNINITIALIZED_AUTOS = YES;
				GCC_WARN_UNUSED_VARIABLE = YES;
				IPHONEOS_DEPLOYMENT_TARGET = 5.1;
				OTHER_CFLAGS = "-DNS_BLOCK_ASSERTIONS=1";
				SDKROOT = iphoneos;
				VALIDATE_PRODUCT = YES;
			};
			name = Release;
		};
		D6A2F69415F89F8600A98805 /* Debug */ = {
			isa = XCBuildConfiguration;
			buildSettings = {
				GCC_PRECOMPILE_PREFIX_HEADER = YES;
				GCC_PREFIX_HEADER = "Week_2_Project/Week_2_Project-Prefix.pch";
				INFOPLIST_FILE = "Week_2_Project/Week_2_Project-Info.plist";
				PRODUCT_NAME = "$(TARGET_NAME)";
				WRAPPER_EXTENSION = app;
			};
			name = Debug;
		};
		D6A2F69515F89F8600A98805 /* Release */ = {
			isa = XCBuildConfiguration;
			buildSettings = {
				GCC_PRECOMPILE_PREFIX_HEADER = YES;
				GCC_PREFIX_HEADER = "Week_2_Project/Week_2_Project-Prefix.pch";
				INFOPLIST_FILE = "Week_2_Project/Week_2_Project-Info.plist";
				PRODUCT_NAME = "$(TARGET_NAME)";
				WRAPPER_EXTENSION = app;
			};
			name = Release;
		};
/* End XCBuildConfiguration section */

/* Begin XCConfigurationList section */
		D6A2F66F15F89F8600A98805 /* Build configuration list for PBXProject "Week_2_Project" */ = {
			isa = XCConfigurationList;
			buildConfigurations = (
				D6A2F69115F89F8600A98805 /* Debug */,
				D6A2F69215F89F8600A98805 /* Release */,
			);
			defaultConfigurationIsVisible = 0;
			defaultConfigurationName = Release;
		};
		D6A2F69315F89F8600A98805 /* Build configuration list for PBXNativeTarget "Week_2_Project" */ = {
			isa = XCConfigurationList;
			buildConfigurations = (
				D6A2F69415F89F8600A98805 /* Debug */,
				D6A2F69515F89F8600A98805 /* Release */,
			);
			defaultConfigurationIsVisible = 0;
		};
/* End XCConfigurationList section */
	};
	rootObject = D6A2F66C15F89F8600A98805 /* Project object */;
}
